
Microsoft Visual Studio Solution File, Format Version 12.00
# Visual Studio Version 17
VisualStudioVersion = 17.4.33103.184
MinimumVisualStudioVersion = 10.0.40219.1
Project("{FAE04EC0-301F-11D3-BF4B-00C04F79EFBC}") = "T4TemplateTask", "T4TemplateTask\T4TemplateTask.csproj", "{0ED928F4-5EF7-44E0-AD91-1B9A8AD758BF}"
EndProject
Global
	GlobalSection(SolutionConfigurationPlatforms) = preSolution
		Debug|Any CPU = Debug|Any CPU
		Release|Any CPU = Release|Any CPU
	EndGlobalSection
	GlobalSection(ProjectConfigurationPlatforms) = postSolution
		{0ED928F4-5EF7-44E0-AD91-1B9A8AD758BF}.Debug|Any CPU.ActiveCfg = Debug|Any CPU
		{0ED928F4-5EF7-44E0-AD91-1B9A8AD758BF}.Debug|Any CPU.Build.0 = Debug|Any CPU
		{0ED928F4-5EF7-44E0-AD91-1B9A8AD758BF}.Release|Any CPU.ActiveCfg = Release|Any CPU
		{0ED928F4-5EF7-44E0-AD91-1B9A8AD758BF}.Release|Any CPU.Build.0 = Release|Any CPU
	EndGlobalSection
	GlobalSection(SolutionProperties) = preSolution
		HideSolutionNode = FALSE
	EndGlobalSection
	GlobalSection(ExtensibilityGlobals) = postSolution
		SolutionGuid = {156AC3E8-620C-497A-AFBB-9C0D20BCF917}
	EndGlobalSection
EndGlobal
